<?xml version="1.0" encoding="utf-8"?>
<Project ToolsVersion="4.0" xmlns="http://schemas.microsoft.com/developer/msbuild/2003">
  <ItemGroup>
    <ClCompile Include="..\Boss.cpp" />
    <ClCompile Include="..\Enemy.cpp" />
    <ClCompile Include="..\MenuGUI.cpp" />
    <ClCompile Include="..\Ogre.cpp" />
    <ClCompile Include="..\Game.cpp" />
    <ClCompile Include="..\GUI.cpp" />
    <ClCompile Include="..\Item.cpp" />
    <ClCompile Include="..\main.cpp" />
    <ClCompile Include="..\mainPlayer.cpp" />
    <ClCompile Include="..\P_boss.cpp" />
    <ClCompile Include="..\P_conillet.cpp" />
    <ClCompile Include="..\Scene.cpp" />
    <ClCompile Include="..\Shader.cpp" />
    <ClCompile Include="..\ShaderProgram.cpp" />
    <ClCompile Include="..\Sprite.cpp" />
    <ClCompile Include="..\TileMap.cpp" />
    <ClCompile Include="..\OwnTexture.cpp" />
    <ClCompile Include="..\SceneMain.cpp" />
  </ItemGroup>
  <ItemGroup>
    <ClInclude Include="..\..\..\libs\glm\glm\detail\_vectorize.hpp" />
    <ClInclude Include="..\Boss.h" />
    <ClInclude Include="..\Constants.h" />
    <ClInclude Include="..\Enemy.h" />
    <ClInclude Include="..\MenuGUI.h" />
    <ClInclude Include="..\Ogre.h" />
    <ClInclude Include="..\Game.h" />
    <ClInclude Include="..\GUI.h" />
    <ClInclude Include="..\Item.h" />
    <ClInclude Include="..\mainPlayer.h" />
    <ClInclude Include="..\P_boss.h" />
    <ClInclude Include="..\P_conillet.h" />
    <ClInclude Include="..\Scene.h" />
    <ClInclude Include="..\Shader.h" />
    <ClInclude Include="..\ShaderProgram.h" />
    <ClInclude Include="..\Sprite.h" />
    <ClInclude Include="..\TileMap.h" />
    <ClInclude Include="resource.h" />
    <ClInclude Include="..\OwnTexture.h" />
    <ClInclude Include="..\SceneMain.h" />
  </ItemGroup>
  <ItemGroup>
    <ResourceCompile Include="2D.rc" />
  </ItemGroup>
</Project>